
Microsoft Visual Studio Solution File, Format Version 12.00
# Visual Studio Version 17
VisualStudioVersion = 17.11.35303.130
MinimumVisualStudioVersion = 10.0.40219.1
Project("{00D1A9C2-B5F0-4AF3-8072-F6C62B433612}") = "MovieStoreDatabase", "MovieStoreDatabase\MovieStoreDatabase.sqlproj", "{D346DF26-3607-4B37-9ADC-6B7360A1A354}"
EndProject
Project("{9A19103F-16F7-4668-BE54-9A1E7A4F7556}") = "Importer", "Importer\Importer.csproj", "{D17E3B66-5DBA-47F1-9466-B0CB207475A9}"
EndProject
Project("{2150E333-8FDC-42A3-9474-1A3956D46DE8}") = "_STUFF", "_STUFF", "{8AF48B2C-7DD4-49CA-8402-855A6B3C88C6}"
	ProjectSection(SolutionItems) = preProject
		..\MovieStoreCompare.scmp = ..\MovieStoreCompare.scmp
	EndProjectSection
EndProject
Global
	GlobalSection(SolutionConfigurationPlatforms) = preSolution
		Debug|Any CPU = Debug|Any CPU
		Release|Any CPU = Release|Any CPU
	EndGlobalSection
	GlobalSection(ProjectConfigurationPlatforms) = postSolution
		{D346DF26-3607-4B37-9ADC-6B7360A1A354}.Debug|Any CPU.ActiveCfg = Debug|Any CPU
		{D346DF26-3607-4B37-9ADC-6B7360A1A354}.Debug|Any CPU.Build.0 = Debug|Any CPU
		{D346DF26-3607-4B37-9ADC-6B7360A1A354}.Debug|Any CPU.Deploy.0 = Debug|Any CPU
		{D346DF26-3607-4B37-9ADC-6B7360A1A354}.Release|Any CPU.ActiveCfg = Release|Any CPU
		{D346DF26-3607-4B37-9ADC-6B7360A1A354}.Release|Any CPU.Build.0 = Release|Any CPU
		{D346DF26-3607-4B37-9ADC-6B7360A1A354}.Release|Any CPU.Deploy.0 = Release|Any CPU
		{D17E3B66-5DBA-47F1-9466-B0CB207475A9}.Debug|Any CPU.ActiveCfg = Debug|Any CPU
		{D17E3B66-5DBA-47F1-9466-B0CB207475A9}.Debug|Any CPU.Build.0 = Debug|Any CPU
		{D17E3B66-5DBA-47F1-9466-B0CB207475A9}.Release|Any CPU.ActiveCfg = Release|Any CPU
		{D17E3B66-5DBA-47F1-9466-B0CB207475A9}.Release|Any CPU.Build.0 = Release|Any CPU
	EndGlobalSection
	GlobalSection(SolutionProperties) = preSolution
		HideSolutionNode = FALSE
	EndGlobalSection
	GlobalSection(ExtensibilityGlobals) = postSolution
		SolutionGuid = {B18ED2F0-EECF-409F-8486-1EFF09221A55}
	EndGlobalSection
EndGlobal
